# This file is autogenerated, do not edit; changes may be undone by the next 'dep ensure'.


[[projects]]
  name = "github.com/qiniu/api.v7"
  packages = ["auth/qbox","storage"]
  revision = "5c2af6a4373998c9553eb3679d86ff2c47d9de0a"
  version = "v7.2.1"

[[projects]]
  name = "github.com/qiniu/x"
  packages = ["bytes.v7","bytes.v7/seekable","rpc.v7","xlog.v7"]
  revision = "946c4a16076d6d98aeb78619e2bd4012357f7228"
  version = "v7.0.8"

[[projects]]
  branch = "master"
  name = "golang.org/x/net"
  packages = ["context"]
  revision = "66aacef3dd8a676686c7ae3716979581e8b03c47"

[[projects]]
  branch = "v2"
  name = "gopkg.in/mgo.v2"
  packages = [".","bson","internal/json","internal/sasl","internal/scram"]
  revision = "3f83fa5005286a7fe593b055f0d7771a7dce4655"

[[projects]]
  name = "qiniupkg.com/x"
  packages = ["bytes.v7","log.v7","reqid.v7"]
  revision = "8fdcb89a80ae34e50b752c0dace258eb0256d2d8"
  version = "v7.0.7"

[solve-meta]
  analyzer-name = "dep"
  analyzer-version = 1
  inputs-digest = "445c9744196abcd92287ce9bade66281972f37b1ca9c486ceb8be4a84265ee04"
  solver-name = "gps-cdcl"
  solver-version = 1
